// !$*UTF8*$!
{
	archiveVersion = 1;
	classes = {
	};
	objectVersion = 50;
	objects = {

/* Begin PBXBuildFile section */
		A177A18F23BBC92400CC419A /* AppDelegate.swift in Sources */ = {isa = PBXBuildFile; fileRef = A177A18E23BBC92400CC419A /* AppDelegate.swift */; };
		A177A19123BBC92400CC419A /* SceneDelegate.swift in Sources */ = {isa = PBXBuildFile; fileRef = A177A19023BBC92400CC419A /* SceneDelegate.swift */; };
		A177A19323BBC92400CC419A /* ContentView.swift in Sources */ = {isa = PBXBuildFile; fileRef = A177A19223BBC92400CC419A /* ContentView.swift */; };
		A177A19523BBC92500CC419A /* Assets.xcassets in Resources */ = {isa = PBXBuildFile; fileRef = A177A19423BBC92500CC419A /* Assets.xcassets */; };
		A177A19823BBC92500CC419A /* Preview Assets.xcassets in Resources */ = {isa = PBXBuildFile; fileRef = A177A19723BBC92500CC419A /* Preview Assets.xcassets */; };
		A177A19B23BBC92500CC419A /* LaunchScreen.storyboard in Resources */ = {isa = PBXBuildFile; fileRef = A177A19923BBC92500CC419A /* LaunchScreen.storyboard */; };
		A177A1A623BBC92600CC419A /* PracticeTests.swift in Sources */ = {isa = PBXBuildFile; fileRef = A177A1A523BBC92600CC419A /* PracticeTests.swift */; };
		A177A1B123BBC92600CC419A /* PracticeUITests.swift in Sources */ = {isa = PBXBuildFile; fileRef = A177A1B023BBC92600CC419A /* PracticeUITests.swift */; };
		A177A1BF23C69CC600CC419A /* ProfileNavView.swift in Sources */ = {isa = PBXBuildFile; fileRef = A177A1BE23C69CC600CC419A /* ProfileNavView.swift */; };
		A177A1C123C94DBB00CC419A /* DraggableView.swift in Sources */ = {isa = PBXBuildFile; fileRef = A177A1C023C94DBB00CC419A /* DraggableView.swift */; };
/* End PBXBuildFile section */

/* Begin PBXContainerItemProxy section */
		A177A1A223BBC92600CC419A /* PBXContainerItemProxy */ = {
			isa = PBXContainerItemProxy;
			containerPortal = A177A18323BBC92400CC419A /* Project object */;
			proxyType = 1;
			remoteGlobalIDString = A177A18A23BBC92400CC419A;
			remoteInfo = Practice;
		};
		A177A1AD23BBC92600CC419A /* PBXContainerItemProxy */ = {
			isa = PBXContainerItemProxy;
			containerPortal = A177A18323BBC92400CC419A /* Project object */;
			proxyType = 1;
			remoteGlobalIDString = A177A18A23BBC92400CC419A;
			remoteInfo = Practice;
		};
/* End PBXContainerItemProxy section */

/* Begin PBXFileReference section */
		A177A18B23BBC92400CC419A /* Practice.app */ = {isa = PBXFileReference; explicitFileType = wrapper.application; includeInIndex = 0; path = Practice.app; sourceTree = BUILT_PRODUCTS_DIR; };
		A177A18E23BBC92400CC419A /* AppDelegate.swift */ = {isa = PBXFileReference; lastKnownFileType = sourcecode.swift; path = AppDelegate.swift; sourceTree = "<group>"; };
		A177A19023BBC92400CC419A /* SceneDelegate.swift */ = {isa = PBXFileReference; lastKnownFileType = sourcecode.swift; path = SceneDelegate.swift; sourceTree = "<group>"; };
		A177A19223BBC92400CC419A /* ContentView.swift */ = {isa = PBXFileReference; lastKnownFileType = sourcecode.swift; path = ContentView.swift; sourceTree = "<group>"; };
		A177A19423BBC92500CC419A /* Assets.xcassets */ = {isa = PBXFileReference; lastKnownFileType = folder.assetcatalog; path = Assets.xcassets; sourceTree = "<group>"; };
		A177A19723BBC92500CC419A /* Preview Assets.xcassets */ = {isa = PBXFileReference; lastKnownFileType = folder.assetcatalog; path = "Preview Assets.xcassets"; sourceTree = "<group>"; };
		A177A19A23BBC92500CC419A /* Base */ = {isa = PBXFileReference; lastKnownFileType = file.storyboard; name = Base; path = Base.lproj/LaunchScreen.storyboard; sourceTree = "<group>"; };
		A177A19C23BBC92500CC419A /* Info.plist */ = {isa = PBXFileReference; lastKnownFileType = text.plist.xml; path = Info.plist; sourceTree = "<group>"; };
		A177A1A123BBC92600CC419A /* PracticeTests.xctest */ = {isa = PBXFileReference; explicitFileType = wrapper.cfbundle; includeInIndex = 0; path = PracticeTests.xctest; sourceTree = BUILT_PRODUCTS_DIR; };
		A177A1A523BBC92600CC419A /* PracticeTests.swift */ = {isa = PBXFileReference; lastKnownFileType = sourcecode.swift; path = PracticeTests.swift; sourceTree = "<group>"; };
		A177A1A723BBC92600CC419A /* Info.plist */ = {isa = PBXFileReference; lastKnownFileType = text.plist.xml; path = Info.plist; sourceTree = "<group>"; };
		A177A1AC23BBC92600CC419A /* PracticeUITests.xctest */ = {isa = PBXFileReference; explicitFileType = wrapper.cfbundle; includeInIndex = 0; path = PracticeUITests.xctest; sourceTree = BUILT_PRODUCTS_DIR; };
		A177A1B023BBC92600CC419A /* PracticeUITests.swift */ = {isa = PBXFileReference; lastKnownFileType = sourcecode.swift; path = PracticeUITests.swift; sourceTree = "<group>"; };
		A177A1B223BBC92600CC419A /* Info.plist */ = {isa = PBXFileReference; lastKnownFileType = text.plist.xml; path = Info.plist; sourceTree = "<group>"; };
		A177A1BE23C69CC600CC419A /* ProfileNavView.swift */ = {isa = PBXFileReference; lastKnownFileType = sourcecode.swift; path = ProfileNavView.swift; sourceTree = "<group>"; };
		A177A1C023C94DBB00CC419A /* DraggableView.swift */ = {isa = PBXFileReference; lastKnownFileType = sourcecode.swift; path = DraggableView.swift; sourceTree = "<group>"; };
/* End PBXFileReference section */

/* Begin PBXFrameworksBuildPhase section */
		A177A18823BBC92400CC419A /* Frameworks */ = {
			isa = PBXFrameworksBuildPhase;
			buildActionMask = 2147483647;
			files = (
			);
			runOnlyForDeploymentPostprocessing = 0;
		};
		A177A19E23BBC92600CC419A /* Frameworks */ = {
			isa = PBXFrameworksBuildPhase;
			buildActionMask = 2147483647;
			files = (
			);
			runOnlyForDeploymentPostprocessing = 0;
		};
		A177A1A923BBC92600CC419A /* Frameworks */ = {
			isa = PBXFrameworksBuildPhase;
			buildActionMask = 2147483647;
			files = (
			);
			runOnlyForDeploymentPostprocessing = 0;
		};
/* End PBXFrameworksBuildPhase section */

/* Begin PBXGroup section */
		A177A18223BBC92400CC419A = {
			isa = PBXGroup;
			children = (
				A177A18D23BBC92400CC419A /* Practice */,
				A177A1A423BBC92600CC419A /* PracticeTests */,
				A177A1AF23BBC92600CC419A /* PracticeUITests */,
				A177A18C23BBC92400CC419A /* Products */,
			);
			sourceTree = "<group>";
		};
		A177A18C23BBC92400CC419A /* Products */ = {
			isa = PBXGroup;
			children = (
				A177A18B23BBC92400CC419A /* Practice.app */,
				A177A1A123BBC92600CC419A /* PracticeTests.xctest */,
				A177A1AC23BBC92600CC419A /* PracticeUITests.xctest */,
			);
			name = Products;
			sourceTree = "<group>";
		};
		A177A18D23BBC92400CC419A /* Practice */ = {
			isa = PBXGroup;
			children = (
				A177A18E23BBC92400CC419A /* AppDelegate.swift */,
				A177A19023BBC92400CC419A /* SceneDelegate.swift */,
				A177A19223BBC92400CC419A /* ContentView.swift */,
				A177A1C023C94DBB00CC419A /* DraggableView.swift */,
				A177A1BE23C69CC600CC419A /* ProfileNavView.swift */,
				A177A19423BBC92500CC419A /* Assets.xcassets */,
				A177A19923BBC92500CC419A /* LaunchScreen.storyboard */,
				A177A19C23BBC92500CC419A /* Info.plist */,
				A177A19623BBC92500CC419A /* Preview Content */,
			);
			path = Practice;
			sourceTree = "<group>";
		};
		A177A19623BBC92500CC419A /* Preview Content */ = {
			isa = PBXGroup;
			children = (
				A177A19723BBC92500CC419A /* Preview Assets.xcassets */,
			);
			path = "Preview Content";
			sourceTree = "<group>";
		};
		A177A1A423BBC92600CC419A /* PracticeTests */ = {
			isa = PBXGroup;
			children = (
				A177A1A523BBC92600CC419A /* PracticeTests.swift */,
				A177A1A723BBC92600CC419A /* Info.plist */,
			);
			path = PracticeTests;
			sourceTree = "<group>";
		};
		A177A1AF23BBC92600CC419A /* PracticeUITests */ = {
			isa = PBXGroup;
			children = (
				A177A1B023BBC92600CC419A /* PracticeUITests.swift */,
				A177A1B223BBC92600CC419A /* Info.plist */,
			);
			path = PracticeUITests;
			sourceTree = "<group>";
		};
/* End PBXGroup section */

/* Begin PBXNativeTarget section */
		A177A18A23BBC92400CC419A /* Practice */ = {
			isa = PBXNativeTarget;
			buildConfigurationList = A177A1B523BBC92600CC419A /* Build configuration list for PBXNativeTarget "Practice" */;
			buildPhases = (
				A177A18723BBC92400CC419A /* Sources */,
				A177A18823BBC92400CC419A /* Frameworks */,
				A177A18923BBC92400CC419A /* Resources */,
			);
			buildRules = (
			);
			dependencies = (
			);
			name = Practice;
			productName = Practice;
			productReference = A177A18B23BBC92400CC419A /* Practice.app */;
			productType = "com.apple.product-type.application";
		};
		A177A1A023BBC92600CC419A /* PracticeTests */ = {
			isa = PBXNativeTarget;
			buildConfigurationList = A177A1B823BBC92600CC419A /* Build configuration list for PBXNativeTarget "PracticeTests" */;
			buildPhases = (
				A177A19D23BBC92600CC419A /* Sources */,
				A177A19E23BBC92600CC419A /* Frameworks */,
				A177A19F23BBC92600CC419A /* Resources */,
			);
			buildRules = (
			);
			dependencies = (
				A177A1A323BBC92600CC419A /* PBXTargetDependency */,
			);
			name = PracticeTests;
			productName = PracticeTests;
			productReference = A177A1A123BBC92600CC419A /* PracticeTests.xctest */;
			productType = "com.apple.product-type.bundle.unit-test";
		};
		A177A1AB23BBC92600CC419A /* PracticeUITests */ = {
			isa = PBXNativeTarget;
			buildConfigurationList = A177A1BB23BBC92600CC419A /* Build configuration list for PBXNativeTarget "PracticeUITests" */;
			buildPhases = (
				A177A1A823BBC92600CC419A /* Sources */,
				A177A1A923BBC92600CC419A /* Frameworks */,
				A177A1AA23BBC92600CC419A /* Resources */,
			);
			buildRules = (
			);
			dependencies = (
				A177A1AE23BBC92600CC419A /* PBXTargetDependency */,
			);
			name = PracticeUITests;
			productName = PracticeUITests;
			productReference = A177A1AC23BBC92600CC419A /* PracticeUITests.xctest */;
			productType = "com.apple.product-type.bundle.ui-testing";
		};
/* End PBXNativeTarget section */

/* Begin PBXProject section */
		A177A18323BBC92400CC419A /* Project object */ = {
			isa = PBXProject;
			attributes = {
				LastSwiftUpdateCheck = 1120;
				LastUpgradeCheck = 1120;
				ORGANIZATIONNAME = "Xiyu Zhang";
				TargetAttributes = {
					A177A18A23BBC92400CC419A = {
						CreatedOnToolsVersion = 11.2.1;
					};
					A177A1A023BBC92600CC419A = {
						CreatedOnToolsVersion = 11.2.1;
						TestTargetID = A177A18A23BBC92400CC419A;
					};
					A177A1AB23BBC92600CC419A = {
						CreatedOnToolsVersion = 11.2.1;
						TestTargetID = A177A18A23BBC92400CC419A;
					};
				};
			};
			buildConfigurationList = A177A18623BBC92400CC419A /* Build configuration list for PBXProject "Practice" */;
			compatibilityVersion = "Xcode 9.3";
			developmentRegion = en;
			hasScannedForEncodings = 0;
			knownRegions = (
				en,
				Base,
			);
			mainGroup = A177A18223BBC92400CC419A;
			productRefGroup = A177A18C23BBC92400CC419A /* Products */;
			projectDirPath = "";
			projectRoot = "";
			targets = (
				A177A18A23BBC92400CC419A /* Practice */,
				A177A1A023BBC92600CC419A /* PracticeTests */,
				A177A1AB23BBC92600CC419A /* PracticeUITests */,
			);
		};
/* End PBXProject section */

/* Begin PBXResourcesBuildPhase section */
		A177A18923BBC92400CC419A /* Resources */ = {
			isa = PBXResourcesBuildPhase;
			buildActionMask = 2147483647;
			files = (
				A177A19B23BBC92500CC419A /* LaunchScreen.storyboard in Resources */,
				A177A19823BBC92500CC419A /* Preview Assets.xcassets in Resources */,
				A177A19523BBC92500CC419A /* Assets.xcassets in Resources */,
			);
			runOnlyForDeploymentPostprocessing = 0;
		};
		A177A19F23BBC92600CC419A /* Resources */ = {
			isa = PBXResourcesBuildPhase;
			buildActionMask = 2147483647;
			files = (
			);
			runOnlyForDeploymentPostprocessing = 0;
		};
		A177A1AA23BBC92600CC419A /* Resources */ = {
			isa = PBXResourcesBuildPhase;
			buildActionMask = 2147483647;
			files = (
			);
			runOnlyForDeploymentPostprocessing = 0;
		};
/* End PBXResourcesBuildPhase section */

/* Begin PBXSourcesBuildPhase section */
		A177A18723BBC92400CC419A /* Sources */ = {
			isa = PBXSourcesBuildPhase;
			buildActionMask = 2147483647;
			files = (
				A177A1BF23C69CC600CC419A /* ProfileNavView.swift in Sources */,
				A177A18F23BBC92400CC419A /* AppDelegate.swift in Sources */,
				A177A19123BBC92400CC419A /* SceneDelegate.swift in Sources */,
				A177A1C123C94DBB00CC419A /* DraggableView.swift in Sources */,
				A177A19323BBC92400CC419A /* ContentView.swift in Sources */,
			);
			runOnlyForDeploymentPostprocessing = 0;
		};
		A177A19D23BBC92600CC419A /* Sources */ = {
			isa = PBXSourcesBuildPhase;
			buildActionMask = 2147483647;
			files = (
				A177A1A623BBC92600CC419A /* PracticeTests.swift in Sources */,
			);
			runOnlyForDeploymentPostprocessing = 0;
		};
		A177A1A823BBC92600CC419A /* Sources */ = {
			isa = PBXSourcesBuildPhase;
			buildActionMask = 2147483647;
			files = (
				A177A1B123BBC92600CC419A /* PracticeUITests.swift in Sources */,
			);
			runOnlyForDeploymentPostprocessing = 0;
		};
/* End PBXSourcesBuildPhase section */

/* Begin PBXTargetDependency section */
		A177A1A323BBC92600CC419A /* PBXTargetDependency */ = {
			isa = PBXTargetDependency;
			target = A177A18A23BBC92400CC419A /* Practice */;
			targetProxy = A177A1A223BBC92600CC419A /* PBXContainerItemProxy */;
		};
		A177A1AE23BBC92600CC419A /* PBXTargetDependency */ = {
			isa = PBXTargetDependency;
			target = A177A18A23BBC92400CC419A /* Practice */;
			targetProxy = A177A1AD23BBC92600CC419A /* PBXContainerItemProxy */;
		};
/* End PBXTargetDependency section */

/* Begin PBXVariantGroup section */
		A177A19923BBC92500CC419A /* LaunchScreen.storyboard */ = {
			isa = PBXVariantGroup;
			children = (
				A177A19A23BBC92500CC419A /* Base */,
			);
			name = LaunchScreen.storyboard;
			sourceTree = "<group>";
		};
/* End PBXVariantGroup section */

/* Begin XCBuildConfiguration section */
		A177A1B323BBC92600CC419A /* Debug */ = {
			isa = XCBuildConfiguration;
			buildSettings = {
				ALWAYS_SEARCH_USER_PATHS = NO;
				CLANG_ANALYZER_NONNULL = YES;
				CLANG_ANALYZER_NUMBER_OBJECT_CONVERSION = YES_AGGRESSIVE;
				CLANG_CXX_LANGUAGE_STANDARD = "gnu++14";
				CLANG_CXX_LIBRARY = "libc++";
				CLANG_ENABLE_MODULES = YES;
				CLANG_ENABLE_OBJC_ARC = YES;
				CLANG_ENABLE_OBJC_WEAK = YES;
				CLANG_WARN_BLOCK_CAPTURE_AUTORELEASING = YES;
				CLANG_WARN_BOOL_CONVERSION = YES;
				CLANG_WARN_COMMA = YES;
				CLANG_WARN_CONSTANT_CONVERSION = YES;
				CLANG_WARN_DEPRECATED_OBJC_IMPLEMENTATIONS = YES;
				CLANG_WARN_DIRECT_OBJC_ISA_USAGE = YES_ERROR;
				CLANG_WARN_DOCUMENTATION_COMMENTS = YES;
				CLANG_WARN_EMPTY_BODY = YES;
				CLANG_WARN_ENUM_CONVERSION = YES;
				CLANG_WARN_INFINITE_RECURSION = YES;
				CLANG_WARN_INT_CONVERSION = YES;
				CLANG_WARN_NON_LITERAL_NULL_CONVERSION = YES;
				CLANG_WARN_OBJC_IMPLICIT_RETAIN_SELF = YES;
				CLANG_WARN_OBJC_LITERAL_CONVERSION = YES;
				CLANG_WARN_OBJC_ROOT_CLASS = YES_ERROR;
				CLANG_WARN_RANGE_LOOP_ANALYSIS = YES;
				CLANG_WARN_STRICT_PROTOTYPES = YES;
				CLANG_WARN_SUSPICIOUS_MOVE = YES;
				CLANG_WARN_UNGUARDED_AVAILABILITY = YES_AGGRESSIVE;
				CLANG_WARN_UNREACHABLE_CODE = YES;
				CLANG_WARN__DUPLICATE_METHOD_MATCH = YES;
				COPY_PHASE_STRIP = NO;
				DEBUG_INFORMATION_FORMAT = dwarf;
				ENABLE_STRICT_OBJC_MSGSEND = YES;
				ENABLE_TESTABILITY = YES;
				GCC_C_LANGUAGE_STANDARD = gnu11;
				GCC_DYNAMIC_NO_PIC = NO;
				GCC_NO_COMMON_BLOCKS = YES;
				GCC_OPTIMIZATION_LEVEL = 0;
				GCC_PREPROCESSOR_DEFINITIONS = (
					"DEBUG=1",
					"$(inherited)",
				);
				GCC_WARN_64_TO_32_BIT_CONVERSION = YES;
				GCC_WARN_ABOUT_RETURN_TYPE = YES_ERROR;
				GCC_WARN_UNDECLARED_SELECTOR = YES;
				GCC_WARN_UNINITIALIZED_AUTOS = YES_AGGRESSIVE;
				GCC_WARN_UNUSED_FUNCTION = YES;
				GCC_WARN_UNUSED_VARIABLE = YES;
				IPHONEOS_DEPLOYMENT_TARGET = 13.2;
				MTL_ENABLE_DEBUG_INFO = INCLUDE_SOURCE;
				MTL_FAST_MATH = YES;
				ONLY_ACTIVE_ARCH = YES;
				SDKROOT = iphoneos;
				SWIFT_ACTIVE_COMPILATION_CONDITIONS = DEBUG;
				SWIFT_OPTIMIZATION_LEVEL = "-Onone";
			};
			name = Debug;
		};
		A177A1B423BBC92600CC419A /* Release */ = {
			isa = XCBuildConfiguration;
			buildSettings = {
				ALWAYS_SEARCH_USER_PATHS = NO;
				CLANG_ANALYZER_NONNULL = YES;
				CLANG_ANALYZER_NUMBER_OBJECT_CONVERSION = YES_AGGRESSIVE;
				CLANG_CXX_LANGUAGE_STANDARD = "gnu++14";
				CLANG_CXX_LIBRARY = "libc++";
				CLANG_ENABLE_MODULES = YES;
				CLANG_ENABLE_OBJC_ARC = YES;
				CLANG_ENABLE_OBJC_WEAK = YES;
				CLANG_WARN_BLOCK_CAPTURE_AUTORELEASING = YES;
				CLANG_WARN_BOOL_CONVERSION = YES;
				CLANG_WARN_COMMA = YES;
				CLANG_WARN_CONSTANT_CONVERSION = YES;
				CLANG_WARN_DEPRECATED_OBJC_IMPLEMENTATIONS = YES;
				CLANG_WARN_DIRECT_OBJC_ISA_USAGE = YES_ERROR;
				CLANG_WARN_DOCUMENTATION_COMMENTS = YES;
				CLANG_WARN_EMPTY_BODY = YES;
				CLANG_WARN_ENUM_CONVERSION = YES;
				CLANG_WARN_INFINITE_RECURSION = YES;
				CLANG_WARN_INT_CONVERSION = YES;
				CLANG_WARN_NON_LITERAL_NULL_CONVERSION = YES;
				CLANG_WARN_OBJC_IMPLICIT_RETAIN_SELF = YES;
				CLANG_WARN_OBJC_LITERAL_CONVERSION = YES;
				CLANG_WARN_OBJC_ROOT_CLASS = YES_ERROR;
				CLANG_WARN_RANGE_LOOP_ANALYSIS = YES;
				CLANG_WARN_STRICT_PROTOTYPES = YES;
				CLANG_WARN_SUSPICIOUS_MOVE = YES;
				CLANG_WARN_UNGUARDED_AVAILABILITY = YES_AGGRESSIVE;
				CLANG_WARN_UNREACHABLE_CODE = YES;
				CLANG_WARN__DUPLICATE_METHOD_MATCH = YES;
				COPY_PHASE_STRIP = NO;
				DEBUG_INFORMATION_FORMAT = "dwarf-with-dsym";
				ENABLE_NS_ASSERTIONS = NO;
				ENABLE_STRICT_OBJC_MSGSEND = YES;
				GCC_C_LANGUAGE_STANDARD = gnu11;
				GCC_NO_COMMON_BLOCKS = YES;
				GCC_WARN_64_TO_32_BIT_CONVERSION = YES;
				GCC_WARN_ABOUT_RETURN_TYPE = YES_ERROR;
				GCC_WARN_UNDECLARED_SELECTOR = YES;
				GCC_WARN_UNINITIALIZED_AUTOS = YES_AGGRESSIVE;
				GCC_WARN_UNUSED_FUNCTION = YES;
				GCC_WARN_UNUSED_VARIABLE = YES;
				IPHONEOS_DEPLOYMENT_TARGET = 13.2;
				MTL_ENABLE_DEBUG_INFO = NO;
				MTL_FAST_MATH = YES;
				SDKROOT = iphoneos;
				SWIFT_COMPILATION_MODE = wholemodule;
				SWIFT_OPTIMIZATION_LEVEL = "-O";
				VALIDATE_PRODUCT = YES;
			};
			name = Release;
		};
		A177A1B623BBC92600CC419A /* Debug */ = {
			isa = XCBuildConfiguration;
			buildSettings = {
				ASSETCATALOG_COMPILER_APPICON_NAME = AppIcon;
				CODE_SIGN_STYLE = Automatic;
				DEVELOPMENT_ASSET_PATHS = "\"Practice/Preview Content\"";
				ENABLE_PREVIEWS = YES;
				INFOPLIST_FILE = Practice/Info.plist;
				LD_RUNPATH_SEARCH_PATHS = (
					"$(inherited)",
					"@executable_path/Frameworks",
				);
				PRODUCT_BUNDLE_IDENTIFIER = com.XiyuZhang.Practice.Practice;
				PRODUCT_NAME = "$(TARGET_NAME)";
				SWIFT_VERSION = 5.0;
				TARGETED_DEVICE_FAMILY = "1,2";
			};
			name = Debug;
		};
		A177A1B723BBC92600CC419A /* Release */ = {
			isa = XCBuildConfiguration;
			buildSettings = {
				ASSETCATALOG_COMPILER_APPICON_NAME = AppIcon;
				CODE_SIGN_STYLE = Automatic;
				DEVELOPMENT_ASSET_PATHS = "\"Practice/Preview Content\"";
				ENABLE_PREVIEWS = YES;
				INFOPLIST_FILE = Practice/Info.plist;
				LD_RUNPATH_SEARCH_PATHS = (
					"$(inherited)",
					"@executable_path/Frameworks",
				);
				PRODUCT_BUNDLE_IDENTIFIER = com.XiyuZhang.Practice.Practice;
				PRODUCT_NAME = "$(TARGET_NAME)";
				SWIFT_VERSION = 5.0;
				TARGETED_DEVICE_FAMILY = "1,2";
			};
			name = Release;
		};
		A177A1B923BBC92600CC419A /* Debug */ = {
			isa = XCBuildConfiguration;
			buildSettings = {
				ALWAYS_EMBED_SWIFT_STANDARD_LIBRARIES = YES;
				BUNDLE_LOADER = "$(TEST_HOST)";
				CODE_SIGN_STYLE = Automatic;
				INFOPLIST_FILE = PracticeTests/Info.plist;
				IPHONEOS_DEPLOYMENT_TARGET = 13.2;
				LD_RUNPATH_SEARCH_PATHS = (
					"$(inherited)",
					"@executable_path/Frameworks",
					"@loader_path/Frameworks",
				);
				PRODUCT_BUNDLE_IDENTIFIER = com.XiyuZhang.Practice.PracticeTests;
				PRODUCT_NAME = "$(TARGET_NAME)";
				SWIFT_VERSION = 5.0;
				TARGETED_DEVICE_FAMILY = "1,2";
				TEST_HOST = "$(BUILT_PRODUCTS_DIR)/Practice.app/Practice";
			};
			name = Debug;
		};
		A177A1BA23BBC92600CC419A /* Release */ = {
			isa = XCBuildConfiguration;
			buildSettings = {
				ALWAYS_EMBED_SWIFT_STANDARD_LIBRARIES = YES;
				BUNDLE_LOADER = "$(TEST_HOST)";
				CODE_SIGN_STYLE = Automatic;
				INFOPLIST_FILE = PracticeTests/Info.plist;
				IPHONEOS_DEPLOYMENT_TARGET = 13.2;
				LD_RUNPATH_SEARCH_PATHS = (
					"$(inherited)",
					"@executable_path/Frameworks",
					"@loader_path/Frameworks",
				);
				PRODUCT_BUNDLE_IDENTIFIER = com.XiyuZhang.Practice.PracticeTests;
				PRODUCT_NAME = "$(TARGET_NAME)";
				SWIFT_VERSION = 5.0;
				TARGETED_DEVICE_FAMILY = "1,2";
				TEST_HOST = "$(BUILT_PRODUCTS_DIR)/Practice.app/Practice";
			};
			name = Release;
		};
		A177A1BC23BBC92600CC419A /* Debug */ = {
			isa = XCBuildConfiguration;
			buildSettings = {
				ALWAYS_EMBED_SWIFT_STANDARD_LIBRARIES = YES;
				CODE_SIGN_STYLE = Automatic;
				INFOPLIST_FILE = PracticeUITests/Info.plist;
				LD_RUNPATH_SEARCH_PATHS = (
					"$(inherited)",
					"@executable_path/Frameworks",
					"@loader_path/Frameworks",
				);
				PRODUCT_BUNDLE_IDENTIFIER = com.XiyuZhang.Practice.PracticeUITests;
				PRODUCT_NAME = "$(TARGET_NAME)";
				SWIFT_VERSION = 5.0;
				TARGETED_DEVICE_FAMILY = "1,2";
				TEST_TARGET_NAME = Practice;
			};
			name = Debug;
		};
		A177A1BD23BBC92600CC419A /* Release */ = {
			isa = XCBuildConfiguration;
			buildSettings = {
				ALWAYS_EMBED_SWIFT_STANDARD_LIBRARIES = YES;
				CODE_SIGN_STYLE = Automatic;
				INFOPLIST_FILE = PracticeUITests/Info.plist;
				LD_RUNPATH_SEARCH_PATHS = (
					"$(inherited)",
					"@executable_path/Frameworks",
					"@loader_path/Frameworks",
				);
				PRODUCT_BUNDLE_IDENTIFIER = com.XiyuZhang.Practice.PracticeUITests;
				PRODUCT_NAME = "$(TARGET_NAME)";
				SWIFT_VERSION = 5.0;
				TARGETED_DEVICE_FAMILY = "1,2";
				TEST_TARGET_NAME = Practice;
			};
			name = Release;
		};
/* End XCBuildConfiguration section */

/* Begin XCConfigurationList section */
		A177A18623BBC92400CC419A /* Build configuration list for PBXProject "Practice" */ = {
			isa = XCConfigurationList;
			buildConfigurations = (
				A177A1B323BBC92600CC419A /* Debug */,
				A177A1B423BBC92600CC419A /* Release */,
			);
			defaultConfigurationIsVisible = 0;
			defaultConfigurationName = Release;
		};
		A177A1B523BBC92600CC419A /* Build configuration list for PBXNativeTarget "Practice" */ = {
			isa = XCConfigurationList;
			buildConfigurations = (
				A177A1B623BBC92600CC419A /* Debug */,
				A177A1B723BBC92600CC419A /* Release */,
			);
			defaultConfigurationIsVisible = 0;
			defaultConfigurationName = Release;
		};
		A177A1B823BBC92600CC419A /* Build configuration list for PBXNativeTarget "PracticeTests" */ = {
			isa = XCConfigurationList;
			buildConfigurations = (
				A177A1B923BBC92600CC419A /* Debug */,
				A177A1BA23BBC92600CC419A /* Release */,
			);
			defaultConfigurationIsVisible = 0;
			defaultConfigurationName = Release;
		};
		A177A1BB23BBC92600CC419A /* Build configuration list for PBXNativeTarget "PracticeUITests" */ = {
			isa = XCConfigurationList;
			buildConfigurations = (
				A177A1BC23BBC92600CC419A /* Debug */,
				A177A1BD23BBC92600CC419A /* Release */,
			);
			defaultConfigurationIsVisible = 0;
			defaultConfigurationName = Release;
		};
/* End XCConfigurationList section */
	};
	rootObject = A177A18323BBC92400CC419A /* Project object */;
}
